// !$*UTF8*$!
{
	archiveVersion = 1;
	classes = {
	};
	objectVersion = 46;
	objects = {

/* Begin PBXBuildFile section */
		A10A1F6017DCDA130011C3D6 /* editDecisionViewController.m in Sources */ = {isa = PBXBuildFile; fileRef = A10A1F5F17DCDA130011C3D6 /* editDecisionViewController.m */; };
		A12CAF33162E2B2400F7EDA5 /* addDecisionStep3ViewController.m in Sources */ = {isa = PBXBuildFile; fileRef = A12CAF32162E2B2400F7EDA5 /* addDecisionStep3ViewController.m */; };
		A15DC458163C1424005B5EC4 /* optionsTableViewController.m in Sources */ = {isa = PBXBuildFile; fileRef = A15DC457163C1424005B5EC4 /* optionsTableViewController.m */; };
		A15DC460163C179D005B5EC4 /* decision.m in Sources */ = {isa = PBXBuildFile; fileRef = A15DC45F163C179D005B5EC4 /* decision.m */; };
		A15DC466163C1C8D005B5EC4 /* option.m in Sources */ = {isa = PBXBuildFile; fileRef = A15DC465163C1C8D005B5EC4 /* option.m */; };
		A15DC469163C1D71005B5EC4 /* decisionsDataController.m in Sources */ = {isa = PBXBuildFile; fileRef = A15DC468163C1D71005B5EC4 /* decisionsDataController.m */; };
		A15DC46C163C2250005B5EC4 /* canundrumLaunchViewController.m in Sources */ = {isa = PBXBuildFile; fileRef = A15DC46B163C2250005B5EC4 /* canundrumLaunchViewController.m */; };
		A18454EF162E0178002B3E56 /* UIKit.framework in Frameworks */ = {isa = PBXBuildFile; fileRef = A18454EE162E0178002B3E56 /* UIKit.framework */; };
		A18454F1162E0178002B3E56 /* Foundation.framework in Frameworks */ = {isa = PBXBuildFile; fileRef = A18454F0162E0178002B3E56 /* Foundation.framework */; };
		A18454F3162E0178002B3E56 /* CoreGraphics.framework in Frameworks */ = {isa = PBXBuildFile; fileRef = A18454F2162E0178002B3E56 /* CoreGraphics.framework */; };
		A18454F9162E0178002B3E56 /* InfoPlist.strings in Resources */ = {isa = PBXBuildFile; fileRef = A18454F7162E0178002B3E56 /* InfoPlist.strings */; };
		A18454FB162E0178002B3E56 /* main.m in Sources */ = {isa = PBXBuildFile; fileRef = A18454FA162E0178002B3E56 /* main.m */; };
		A18454FF162E0178002B3E56 /* decisionsAppDelegate.m in Sources */ = {isa = PBXBuildFile; fileRef = A18454FE162E0178002B3E56 /* decisionsAppDelegate.m */; };
		A1845501162E0178002B3E56 /* Default.png in Resources */ = {isa = PBXBuildFile; fileRef = A1845500162E0178002B3E56 /* Default.png */; };
		A1845503162E0178002B3E56 /* Default@2x.png in Resources */ = {isa = PBXBuildFile; fileRef = A1845502162E0178002B3E56 /* Default@2x.png */; };
		A1845505162E0178002B3E56 /* Default-568h@2x.png in Resources */ = {isa = PBXBuildFile; fileRef = A1845504162E0178002B3E56 /* Default-568h@2x.png */; };
		A1845508162E0178002B3E56 /* MainStoryboard.storyboard in Resources */ = {isa = PBXBuildFile; fileRef = A1845506162E0178002B3E56 /* MainStoryboard.storyboard */; };
		A184550B162E0178002B3E56 /* decisionsMasterViewController.m in Sources */ = {isa = PBXBuildFile; fileRef = A184550A162E0178002B3E56 /* decisionsMasterViewController.m */; };
		A184550E162E0178002B3E56 /* editOptionViewController.m in Sources */ = {isa = PBXBuildFile; fileRef = A184550D162E0178002B3E56 /* editOptionViewController.m */; };
		A1845516162E2015002B3E56 /* addDecisionStep1ViewController.m in Sources */ = {isa = PBXBuildFile; fileRef = A1845515162E2015002B3E56 /* addDecisionStep1ViewController.m */; };
		A184551D162E215A002B3E56 /* addDecisionStep2ViewController.m in Sources */ = {isa = PBXBuildFile; fileRef = A184551C162E215A002B3E56 /* addDecisionStep2ViewController.m */; };
		A1BB2F2A17E11FB600A78812 /* QuartzCore.framework in Frameworks */ = {isa = PBXBuildFile; fileRef = A1BB2F2817E11E9100A78812 /* QuartzCore.framework */; };
/* End PBXBuildFile section */

/* Begin PBXFileReference section */
		A10A1F5E17DCDA130011C3D6 /* editDecisionViewController.h */ = {isa = PBXFileReference; fileEncoding = 4; lastKnownFileType = sourcecode.c.h; path = editDecisionViewController.h; sourceTree = "<group>"; };
		A10A1F5F17DCDA130011C3D6 /* editDecisionViewController.m */ = {isa = PBXFileReference; fileEncoding = 4; lastKnownFileType = sourcecode.c.objc; path = editDecisionViewController.m; sourceTree = "<group>"; };
		A12CAF31162E2B2400F7EDA5 /* addDecisionStep3ViewController.h */ = {isa = PBXFileReference; fileEncoding = 4; lastKnownFileType = sourcecode.c.h; path = addDecisionStep3ViewController.h; sourceTree = "<group>"; };
		A12CAF32162E2B2400F7EDA5 /* addDecisionStep3ViewController.m */ = {isa = PBXFileReference; fileEncoding = 4; lastKnownFileType = sourcecode.c.objc; path = addDecisionStep3ViewController.m; sourceTree = "<group>"; };
		A15DC456163C1424005B5EC4 /* optionsTableViewController.h */ = {isa = PBXFileReference; fileEncoding = 4; lastKnownFileType = sourcecode.c.h; path = optionsTableViewController.h; sourceTree = "<group>"; };
		A15DC457163C1424005B5EC4 /* optionsTableViewController.m */ = {isa = PBXFileReference; fileEncoding = 4; lastKnownFileType = sourcecode.c.objc; path = optionsTableViewController.m; sourceTree = "<group>"; };
		A15DC45E163C179D005B5EC4 /* decision.h */ = {isa = PBXFileReference; fileEncoding = 4; lastKnownFileType = sourcecode.c.h; path = decision.h; sourceTree = "<group>"; };
		A15DC45F163C179D005B5EC4 /* decision.m */ = {isa = PBXFileReference; fileEncoding = 4; lastKnownFileType = sourcecode.c.objc; path = decision.m; sourceTree = "<group>"; };
		A15DC464163C1C8D005B5EC4 /* option.h */ = {isa = PBXFileReference; fileEncoding = 4; lastKnownFileType = sourcecode.c.h; path = option.h; sourceTree = "<group>"; };
		A15DC465163C1C8D005B5EC4 /* option.m */ = {isa = PBXFileReference; fileEncoding = 4; lastKnownFileType = sourcecode.c.objc; path = option.m; sourceTree = "<group>"; };
		A15DC467163C1D71005B5EC4 /* decisionsDataController.h */ = {isa = PBXFileReference; fileEncoding = 4; lastKnownFileType = sourcecode.c.h; path = decisionsDataController.h; sourceTree = "<group>"; };
		A15DC468163C1D71005B5EC4 /* decisionsDataController.m */ = {isa = PBXFileReference; fileEncoding = 4; lastKnownFileType = sourcecode.c.objc; path = decisionsDataController.m; sourceTree = "<group>"; };
		A15DC46A163C2250005B5EC4 /* canundrumLaunchViewController.h */ = {isa = PBXFileReference; fileEncoding = 4; lastKnownFileType = sourcecode.c.h; path = canundrumLaunchViewController.h; sourceTree = "<group>"; };
		A15DC46B163C2250005B5EC4 /* canundrumLaunchViewController.m */ = {isa = PBXFileReference; fileEncoding = 4; lastKnownFileType = sourcecode.c.objc; path = canundrumLaunchViewController.m; sourceTree = "<group>"; };
		A18454EA162E0178002B3E56 /* Canundrum.app */ = {isa = PBXFileReference; explicitFileType = wrapper.application; includeInIndex = 0; path = Canundrum.app; sourceTree = BUILT_PRODUCTS_DIR; };
		A18454EE162E0178002B3E56 /* UIKit.framework */ = {isa = PBXFileReference; lastKnownFileType = wrapper.framework; name = UIKit.framework; path = System/Library/Frameworks/UIKit.framework; sourceTree = SDKROOT; };
		A18454F0162E0178002B3E56 /* Foundation.framework */ = {isa = PBXFileReference; lastKnownFileType = wrapper.framework; name = Foundation.framework; path = System/Library/Frameworks/Foundation.framework; sourceTree = SDKROOT; };
		A18454F2162E0178002B3E56 /* CoreGraphics.framework */ = {isa = PBXFileReference; lastKnownFileType = wrapper.framework; name = CoreGraphics.framework; path = System/Library/Frameworks/CoreGraphics.framework; sourceTree = SDKROOT; };
		A18454F6162E0178002B3E56 /* Canundrum-Info.plist */ = {isa = PBXFileReference; lastKnownFileType = text.plist.xml; path = "Canundrum-Info.plist"; sourceTree = "<group>"; };
		A18454F8162E0178002B3E56 /* en */ = {isa = PBXFileReference; lastKnownFileType = text.plist.strings; name = en; path = en.lproj/InfoPlist.strings; sourceTree = "<group>"; };
		A18454FA162E0178002B3E56 /* main.m */ = {isa = PBXFileReference; lastKnownFileType = sourcecode.c.objc; path = main.m; sourceTree = "<group>"; };
		A18454FC162E0178002B3E56 /* Canundrum-Prefix.pch */ = {isa = PBXFileReference; lastKnownFileType = sourcecode.c.h; path = "Canundrum-Prefix.pch"; sourceTree = "<group>"; };
		A18454FD162E0178002B3E56 /* decisionsAppDelegate.h */ = {isa = PBXFileReference; lastKnownFileType = sourcecode.c.h; path = decisionsAppDelegate.h; sourceTree = "<group>"; };
		A18454FE162E0178002B3E56 /* decisionsAppDelegate.m */ = {isa = PBXFileReference; lastKnownFileType = sourcecode.c.objc; path = decisionsAppDelegate.m; sourceTree = "<group>"; };
		A1845500162E0178002B3E56 /* Default.png */ = {isa = PBXFileReference; lastKnownFileType = image.png; path = Default.png; sourceTree = "<group>"; };
		A1845502162E0178002B3E56 /* Default@2x.png */ = {isa = PBXFileReference; lastKnownFileType = image.png; path = "Default@2x.png"; sourceTree = "<group>"; };
		A1845504162E0178002B3E56 /* Default-568h@2x.png */ = {isa = PBXFileReference; lastKnownFileType = image.png; path = "Default-568h@2x.png"; sourceTree = "<group>"; };
		A1845507162E0178002B3E56 /* en */ = {isa = PBXFileReference; lastKnownFileType = file.storyboard; name = en; path = en.lproj/MainStoryboard.storyboard; sourceTree = "<group>"; };
		A1845509162E0178002B3E56 /* decisionsMasterViewController.h */ = {isa = PBXFileReference; lastKnownFileType = sourcecode.c.h; path = decisionsMasterViewController.h; sourceTree = "<group>"; };
		A184550A162E0178002B3E56 /* decisionsMasterViewController.m */ = {isa = PBXFileReference; lastKnownFileType = sourcecode.c.objc; path = decisionsMasterViewController.m; sourceTree = "<group>"; };
		A184550C162E0178002B3E56 /* editOptionViewController.h */ = {isa = PBXFileReference; lastKnownFileType = sourcecode.c.h; path = editOptionViewController.h; sourceTree = "<group>"; };
		A184550D162E0178002B3E56 /* editOptionViewController.m */ = {isa = PBXFileReference; lastKnownFileType = sourcecode.c.objc; path = editOptionViewController.m; sourceTree = "<group>"; };
		A1845514162E2015002B3E56 /* addDecisionStep1ViewController.h */ = {isa = PBXFileReference; fileEncoding = 4; lastKnownFileType = sourcecode.c.h; path = addDecisionStep1ViewController.h; sourceTree = "<group>"; };
		A1845515162E2015002B3E56 /* addDecisionStep1ViewController.m */ = {isa = PBXFileReference; fileEncoding = 4; lastKnownFileType = sourcecode.c.objc; path = addDecisionStep1ViewController.m; sourceTree = "<group>"; };
		A184551B162E215A002B3E56 /* addDecisionStep2ViewController.h */ = {isa = PBXFileReference; fileEncoding = 4; lastKnownFileType = sourcecode.c.h; path = addDecisionStep2ViewController.h; sourceTree = "<group>"; };
		A184551C162E215A002B3E56 /* addDecisionStep2ViewController.m */ = {isa = PBXFileReference; fileEncoding = 4; lastKnownFileType = sourcecode.c.objc; path = addDecisionStep2ViewController.m; sourceTree = "<group>"; };
		A1BB2F2817E11E9100A78812 /* QuartzCore.framework */ = {isa = PBXFileReference; lastKnownFileType = wrapper.framework; name = QuartzCore.framework; path = System/Library/Frameworks/QuartzCore.framework; sourceTree = SDKROOT; };
/* End PBXFileReference section */

/* Begin PBXFrameworksBuildPhase section */
		A18454E7162E0178002B3E56 /* Frameworks */ = {
			isa = PBXFrameworksBuildPhase;
			buildActionMask = 2147483647;
			files = (
				A1BB2F2A17E11FB600A78812 /* QuartzCore.framework in Frameworks */,
				A18454EF162E0178002B3E56 /* UIKit.framework in Frameworks */,
				A18454F1162E0178002B3E56 /* Foundation.framework in Frameworks */,
				A18454F3162E0178002B3E56 /* CoreGraphics.framework in Frameworks */,
			);
			runOnlyForDeploymentPostprocessing = 0;
		};
/* End PBXFrameworksBuildPhase section */

/* Begin PBXGroup section */
		A18454DF162E0178002B3E56 = {
			isa = PBXGroup;
			children = (
				A1BB2F2817E11E9100A78812 /* QuartzCore.framework */,
				A18454F4162E0178002B3E56 /* Canundrum */,
				A18454ED162E0178002B3E56 /* Frameworks */,
				A18454EB162E0178002B3E56 /* Products */,
			);
			sourceTree = "<group>";
		};
		A18454EB162E0178002B3E56 /* Products */ = {
			isa = PBXGroup;
			children = (
				A18454EA162E0178002B3E56 /* Canundrum.app */,
			);
			name = Products;
			sourceTree = "<group>";
		};
		A18454ED162E0178002B3E56 /* Frameworks */ = {
			isa = PBXGroup;
			children = (
				A18454EE162E0178002B3E56 /* UIKit.framework */,
				A18454F0162E0178002B3E56 /* Foundation.framework */,
				A18454F2162E0178002B3E56 /* CoreGraphics.framework */,
			);
			name = Frameworks;
			sourceTree = "<group>";
		};
		A18454F4162E0178002B3E56 /* Canundrum */ = {
			isa = PBXGroup;
			children = (
				A1AE6E621785A07F006D9AF6 /* Model */,
				A1845506162E0178002B3E56 /* MainStoryboard.storyboard */,
				A15DC46A163C2250005B5EC4 /* canundrumLaunchViewController.h */,
				A15DC46B163C2250005B5EC4 /* canundrumLaunchViewController.m */,
				A1C540B617A52D4000964942 /* addDecision */,
				A1845509162E0178002B3E56 /* decisionsMasterViewController.h */,
				A184550A162E0178002B3E56 /* decisionsMasterViewController.m */,
				A10A1F5E17DCDA130011C3D6 /* editDecisionViewController.h */,
				A10A1F5F17DCDA130011C3D6 /* editDecisionViewController.m */,
				A15DC456163C1424005B5EC4 /* optionsTableViewController.h */,
				A15DC457163C1424005B5EC4 /* optionsTableViewController.m */,
				A184550C162E0178002B3E56 /* editOptionViewController.h */,
				A184550D162E0178002B3E56 /* editOptionViewController.m */,
				A18454F5162E0178002B3E56 /* Supporting Files */,
			);
			path = Canundrum;
			sourceTree = "<group>";
		};
		A18454F5162E0178002B3E56 /* Supporting Files */ = {
			isa = PBXGroup;
			children = (
				A18454FD162E0178002B3E56 /* decisionsAppDelegate.h */,
				A18454FE162E0178002B3E56 /* decisionsAppDelegate.m */,
				A18454F6162E0178002B3E56 /* Canundrum-Info.plist */,
				A18454F7162E0178002B3E56 /* InfoPlist.strings */,
				A18454FA162E0178002B3E56 /* main.m */,
				A18454FC162E0178002B3E56 /* Canundrum-Prefix.pch */,
				A1845500162E0178002B3E56 /* Default.png */,
				A1845502162E0178002B3E56 /* Default@2x.png */,
				A1845504162E0178002B3E56 /* Default-568h@2x.png */,
			);
			name = "Supporting Files";
			sourceTree = "<group>";
		};
		A1AE6E621785A07F006D9AF6 /* Model */ = {
			isa = PBXGroup;
			children = (
				A15DC467163C1D71005B5EC4 /* decisionsDataController.h */,
				A15DC468163C1D71005B5EC4 /* decisionsDataController.m */,
				A15DC45E163C179D005B5EC4 /* decision.h */,
				A15DC45F163C179D005B5EC4 /* decision.m */,
				A15DC464163C1C8D005B5EC4 /* option.h */,
				A15DC465163C1C8D005B5EC4 /* option.m */,
			);
			name = Model;
			sourceTree = "<group>";
		};
		A1C540B617A52D4000964942 /* addDecision */ = {
			isa = PBXGroup;
			children = (
				A1845514162E2015002B3E56 /* addDecisionStep1ViewController.h */,
				A1845515162E2015002B3E56 /* addDecisionStep1ViewController.m */,
				A184551B162E215A002B3E56 /* addDecisionStep2ViewController.h */,
				A184551C162E215A002B3E56 /* addDecisionStep2ViewController.m */,
				A12CAF31162E2B2400F7EDA5 /* addDecisionStep3ViewController.h */,
				A12CAF32162E2B2400F7EDA5 /* addDecisionStep3ViewController.m */,
			);
			name = addDecision;
			sourceTree = "<group>";
		};
/* End PBXGroup section */

/* Begin PBXNativeTarget section */
		A18454E9162E0178002B3E56 /* Canundrum */ = {
			isa = PBXNativeTarget;
			buildConfigurationList = A1845511162E0178002B3E56 /* Build configuration list for PBXNativeTarget "Canundrum" */;
			buildPhases = (
				A18454E6162E0178002B3E56 /* Sources */,
				A18454E7162E0178002B3E56 /* Frameworks */,
				A18454E8162E0178002B3E56 /* Resources */,
			);
			buildRules = (
			);
			dependencies = (
			);
			name = Canundrum;
			productName = Canundrum;
			productReference = A18454EA162E0178002B3E56 /* Canundrum.app */;
			productType = "com.apple.product-type.application";
		};
/* End PBXNativeTarget section */

/* Begin PBXProject section */
		A18454E1162E0178002B3E56 /* Project object */ = {
			isa = PBXProject;
			attributes = {
				CLASSPREFIX = decisions;
				LastUpgradeCheck = 0450;
				ORGANIZATIONNAME = "Robert Evans";
			};
			buildConfigurationList = A18454E4162E0178002B3E56 /* Build configuration list for PBXProject "Canundrum" */;
			compatibilityVersion = "Xcode 3.2";
			developmentRegion = English;
			hasScannedForEncodings = 0;
			knownRegions = (
				en,
			);
			mainGroup = A18454DF162E0178002B3E56;
			productRefGroup = A18454EB162E0178002B3E56 /* Products */;
			projectDirPath = "";
			projectRoot = "";
			targets = (
				A18454E9162E0178002B3E56 /* Canundrum */,
			);
		};
/* End PBXProject section */

/* Begin PBXResourcesBuildPhase section */
		A18454E8162E0178002B3E56 /* Resources */ = {
			isa = PBXResourcesBuildPhase;
			buildActionMask = 2147483647;
			files = (
				A18454F9162E0178002B3E56 /* InfoPlist.strings in Resources */,
				A1845501162E0178002B3E56 /* Default.png in Resources */,
				A1845503162E0178002B3E56 /* Default@2x.png in Resources */,
				A1845505162E0178002B3E56 /* Default-568h@2x.png in Resources */,
				A1845508162E0178002B3E56 /* MainStoryboard.storyboard in Resources */,
			);
			runOnlyForDeploymentPostprocessing = 0;
		};
/* End PBXResourcesBuildPhase section */

/* Begin PBXSourcesBuildPhase section */
		A18454E6162E0178002B3E56 /* Sources */ = {
			isa = PBXSourcesBuildPhase;
			buildActionMask = 2147483647;
			files = (
				A18454FB162E0178002B3E56 /* main.m in Sources */,
				A18454FF162E0178002B3E56 /* decisionsAppDelegate.m in Sources */,
				A184550B162E0178002B3E56 /* decisionsMasterViewController.m in Sources */,
				A184550E162E0178002B3E56 /* editOptionViewController.m in Sources */,
				A1845516162E2015002B3E56 /* addDecisionStep1ViewController.m in Sources */,
				A184551D162E215A002B3E56 /* addDecisionStep2ViewController.m in Sources */,
				A12CAF33162E2B2400F7EDA5 /* addDecisionStep3ViewController.m in Sources */,
				A15DC458163C1424005B5EC4 /* optionsTableViewController.m in Sources */,
				A15DC460163C179D005B5EC4 /* decision.m in Sources */,
				A15DC466163C1C8D005B5EC4 /* option.m in Sources */,
				A15DC469163C1D71005B5EC4 /* decisionsDataController.m in Sources */,
				A15DC46C163C2250005B5EC4 /* canundrumLaunchViewController.m in Sources */,
				A10A1F6017DCDA130011C3D6 /* editDecisionViewController.m in Sources */,
			);
			runOnlyForDeploymentPostprocessing = 0;
		};
/* End PBXSourcesBuildPhase section */

/* Begin PBXVariantGroup section */
		A18454F7162E0178002B3E56 /* InfoPlist.strings */ = {
			isa = PBXVariantGroup;
			children = (
				A18454F8162E0178002B3E56 /* en */,
			);
			name = InfoPlist.strings;
			sourceTree = "<group>";
		};
		A1845506162E0178002B3E56 /* MainStoryboard.storyboard */ = {
			isa = PBXVariantGroup;
			children = (
				A1845507162E0178002B3E56 /* en */,
			);
			name = MainStoryboard.storyboard;
			sourceTree = "<group>";
		};
/* End PBXVariantGroup section */

/* Begin XCBuildConfiguration section */
		A184550F162E0178002B3E56 /* Debug */ = {
			isa = XCBuildConfiguration;
			buildSettings = {
				ALWAYS_SEARCH_USER_PATHS = NO;
				CLANG_CXX_LANGUAGE_STANDARD = "gnu++0x";
				CLANG_CXX_LIBRARY = "libc++";
				CLANG_ENABLE_OBJC_ARC = YES;
				CLANG_WARN_EMPTY_BODY = YES;
				CLANG_WARN__DUPLICATE_METHOD_MATCH = YES;
				"CODE_SIGN_IDENTITY[sdk=iphoneos*]" = "iPhone Developer";
				COPY_PHASE_STRIP = NO;
				GCC_C_LANGUAGE_STANDARD = gnu99;
				GCC_DYNAMIC_NO_PIC = NO;
				GCC_OPTIMIZATION_LEVEL = 0;
				GCC_PREPROCESSOR_DEFINITIONS = (
					"DEBUG=1",
					"$(inherited)",
				);
				GCC_SYMBOLS_PRIVATE_EXTERN = NO;
				GCC_WARN_ABOUT_RETURN_TYPE = YES;
				GCC_WARN_UNINITIALIZED_AUTOS = YES;
				GCC_WARN_UNUSED_VARIABLE = YES;
				IPHONEOS_DEPLOYMENT_TARGET = 6.0;
				ONLY_ACTIVE_ARCH = YES;
				SDKROOT = iphoneos;
			};
			name = Debug;
		};
		A1845510162E0178002B3E56 /* Release */ = {
			isa = XCBuildConfiguration;
			buildSettings = {
				ALWAYS_SEARCH_USER_PATHS = NO;
				CLANG_CXX_LANGUAGE_STANDARD = "gnu++0x";
				CLANG_CXX_LIBRARY = "libc++";
				CLANG_ENABLE_OBJC_ARC = YES;
				CLANG_WARN_EMPTY_BODY = YES;
				CLANG_WARN__DUPLICATE_METHOD_MATCH = YES;
				"CODE_SIGN_IDENTITY[sdk=iphoneos*]" = "iPhone Developer";
				COPY_PHASE_STRIP = YES;
				GCC_C_LANGUAGE_STANDARD = gnu99;
				GCC_WARN_ABOUT_RETURN_TYPE = YES;
				GCC_WARN_UNINITIALIZED_AUTOS = YES;
				GCC_WARN_UNUSED_VARIABLE = YES;
				IPHONEOS_DEPLOYMENT_TARGET = 6.0;
				OTHER_CFLAGS = "-DNS_BLOCK_ASSERTIONS=1";
				SDKROOT = iphoneos;
				VALIDATE_PRODUCT = YES;
			};
			name = Release;
		};
		A1845512162E0178002B3E56 /* Debug */ = {
			isa = XCBuildConfiguration;
			buildSettings = {
				GCC_PRECOMPILE_PREFIX_HEADER = YES;
				GCC_PREFIX_HEADER = "Canundrum/Canundrum-Prefix.pch";
				INFOPLIST_FILE = "Canundrum/Canundrum-Info.plist";
				PRODUCT_NAME = "$(TARGET_NAME)";
				WRAPPER_EXTENSION = app;
			};
			name = Debug;
		};
		A1845513162E0178002B3E56 /* Release */ = {
			isa = XCBuildConfiguration;
			buildSettings = {
				GCC_PRECOMPILE_PREFIX_HEADER = YES;
				GCC_PREFIX_HEADER = "Canundrum/Canundrum-Prefix.pch";
				INFOPLIST_FILE = "Canundrum/Canundrum-Info.plist";
				PRODUCT_NAME = "$(TARGET_NAME)";
				WRAPPER_EXTENSION = app;
			};
			name = Release;
		};
/* End XCBuildConfiguration section */

/* Begin XCConfigurationList section */
		A18454E4162E0178002B3E56 /* Build configuration list for PBXProject "Canundrum" */ = {
			isa = XCConfigurationList;
			buildConfigurations = (
				A184550F162E0178002B3E56 /* Debug */,
				A1845510162E0178002B3E56 /* Release */,
			);
			defaultConfigurationIsVisible = 0;
			defaultConfigurationName = Release;
		};
		A1845511162E0178002B3E56 /* Build configuration list for PBXNativeTarget "Canundrum" */ = {
			isa = XCConfigurationList;
			buildConfigurations = (
				A1845512162E0178002B3E56 /* Debug */,
				A1845513162E0178002B3E56 /* Release */,
			);
			defaultConfigurationIsVisible = 0;
			defaultConfigurationName = Release;
		};
/* End XCConfigurationList section */
	};
	rootObject = A18454E1162E0178002B3E56 /* Project object */;
}
